PODS:
  - Alamofire (5.4.1)
  - Stripe (21.2.0):
    - Stripe/Stripe3DS2 (= 21.2.0)
  - Stripe/Stripe3DS2 (21.2.0)

DEPENDENCIES:
  - Alamofire (= 5.4.1)
  - Stripe (= 21.2.0)

SPEC REPOS:
  trunk:
    - Alamofire
    - Stripe

SPEC CHECKSUMS:
  Alamofire: 2291f7d21ca607c491dd17642e5d40fdcda0e65c
  Stripe: 37f742a4815882db4454188664a3aa61793a12b1

PODFILE CHECKSUM: f998d058671fb9b450d5d7cd00d06f2d9be8c0ae

COCOAPODS: 1.11.2
